
Microsoft Visual Studio Solution File, Format Version 12.00
# Visual Studio Version 17
VisualStudioVersion = 17.11.35327.3
MinimumVisualStudioVersion = 10.0.40219.1
Project("{FAE04EC0-301F-11D3-BF4B-00C04F79EFBC}") = "UserManagementTask", "UserManagementTask\UserManagementTask.csproj", "{4EBAC24C-E2CF-42A3-8306-330ABA6245ED}"
EndProject
Global
	GlobalSection(SolutionConfigurationPlatforms) = preSolution
		Debug|Any CPU = Debug|Any CPU
		Release|Any CPU = Release|Any CPU
	EndGlobalSection
	GlobalSection(ProjectConfigurationPlatforms) = postSolution
		{4EBAC24C-E2CF-42A3-8306-330ABA6245ED}.Debug|Any CPU.ActiveCfg = Debug|Any CPU
		{4EBAC24C-E2CF-42A3-8306-330ABA6245ED}.Debug|Any CPU.Build.0 = Debug|Any CPU
		{4EBAC24C-E2CF-42A3-8306-330ABA6245ED}.Release|Any CPU.ActiveCfg = Release|Any CPU
		{4EBAC24C-E2CF-42A3-8306-330ABA6245ED}.Release|Any CPU.Build.0 = Release|Any CPU
	EndGlobalSection
	GlobalSection(SolutionProperties) = preSolution
		HideSolutionNode = FALSE
	EndGlobalSection
	GlobalSection(ExtensibilityGlobals) = postSolution
		SolutionGuid = {8AF91555-255A-440A-A11A-FDB7E85E97A2}
	EndGlobalSection
EndGlobal
